PODS:
  - Botter (1.0.1):
    - LazyImage
  - LazyImage (7.0.1)

DEPENDENCIES:
  - Botter (from `../BotterSDK`)
  - LazyImage

SPEC REPOS:
  trunk:
    - LazyImage

EXTERNAL SOURCES:
  Botter:
    :path: "../BotterSDK"

SPEC CHECKSUMS:
  Botter: ad3b587387868365b889100eb1e1de20307b77ee
  LazyImage: 4db5288d8660b28e64e60c57f5b5d414af922160

PODFILE CHECKSUM: d7e537c1e19160e7a6911193a16eed08564d03c0

COCOAPODS: 1.9.3
